// !$*UTF8*$!
{
	archiveVersion = 1;
	classes = {
	};
	objectVersion = 48;
	objects = {

/* Begin PBXBuildFile section */
		5C4963212060FD380059AC94 /* AppDelegate.swift in Sources */ = {isa = PBXBuildFile; fileRef = 5C4963202060FD380059AC94 /* AppDelegate.swift */; };
		5C4963282060FD380059AC94 /* Assets.xcassets in Resources */ = {isa = PBXBuildFile; fileRef = 5C4963272060FD380059AC94 /* Assets.xcassets */; };
		5C49632B2060FD380059AC94 /* LaunchScreen.storyboard in Resources */ = {isa = PBXBuildFile; fileRef = 5C4963292060FD380059AC94 /* LaunchScreen.storyboard */; };
		5C4963352060FFC90059AC94 /* BaseViewModel.swift in Sources */ = {isa = PBXBuildFile; fileRef = 5C4963342060FFC90059AC94 /* BaseViewModel.swift */; };
		5C496337206100140059AC94 /* BaseViewController.swift in Sources */ = {isa = PBXBuildFile; fileRef = 5C496336206100140059AC94 /* BaseViewController.swift */; };
		5C4963392061025D0059AC94 /* RepositoriesListViewController.swift in Sources */ = {isa = PBXBuildFile; fileRef = 5C4963382061025D0059AC94 /* RepositoriesListViewController.swift */; };
		5C49633B206103070059AC94 /* RepositoriesViewModel.swift in Sources */ = {isa = PBXBuildFile; fileRef = 5C49633A206103070059AC94 /* RepositoriesViewModel.swift */; };
		5C49633E206103550059AC94 /* Repository.swift in Sources */ = {isa = PBXBuildFile; fileRef = 5C49633D206103550059AC94 /* Repository.swift */; };
		5C496340206103B90059AC94 /* GithubRepositoriesViewModel.swift in Sources */ = {isa = PBXBuildFile; fileRef = 5C49633F206103B90059AC94 /* GithubRepositoriesViewModel.swift */; };
		5C4963432061057E0059AC94 /* GithubService.swift in Sources */ = {isa = PBXBuildFile; fileRef = 5C4963422061057E0059AC94 /* GithubService.swift */; };
		5C4963452061059F0059AC94 /* RepositoryService.swift in Sources */ = {isa = PBXBuildFile; fileRef = 5C4963442061059F0059AC94 /* RepositoryService.swift */; };
		5C49634A206108940059AC94 /* GithubListViewController.swift in Sources */ = {isa = PBXBuildFile; fileRef = 5C496349206108940059AC94 /* GithubListViewController.swift */; };
		70CAE166E3D25B86E8BADD89 /* Pods_CocoaLibrary.framework in Frameworks */ = {isa = PBXBuildFile; fileRef = 25C9112A60FDFF0441F7F75A /* Pods_CocoaLibrary.framework */; };
/* End PBXBuildFile section */

/* Begin PBXFileReference section */
		0B50FC59F314AC7A2CC48CCD /* Pods-CocoaLibrary.release.xcconfig */ = {isa = PBXFileReference; includeInIndex = 1; lastKnownFileType = text.xcconfig; name = "Pods-CocoaLibrary.release.xcconfig"; path = "Pods/Target Support Files/Pods-CocoaLibrary/Pods-CocoaLibrary.release.xcconfig"; sourceTree = "<group>"; };
		0E54289F10161238E709A577 /* Pods-CocoaLibrary.debug.xcconfig */ = {isa = PBXFileReference; includeInIndex = 1; lastKnownFileType = text.xcconfig; name = "Pods-CocoaLibrary.debug.xcconfig"; path = "Pods/Target Support Files/Pods-CocoaLibrary/Pods-CocoaLibrary.debug.xcconfig"; sourceTree = "<group>"; };
		25C9112A60FDFF0441F7F75A /* Pods_CocoaLibrary.framework */ = {isa = PBXFileReference; explicitFileType = wrapper.framework; includeInIndex = 0; path = Pods_CocoaLibrary.framework; sourceTree = BUILT_PRODUCTS_DIR; };
		5C49631D2060FD380059AC94 /* CocoaLibrary.app */ = {isa = PBXFileReference; explicitFileType = wrapper.application; includeInIndex = 0; path = CocoaLibrary.app; sourceTree = BUILT_PRODUCTS_DIR; };
		5C4963202060FD380059AC94 /* AppDelegate.swift */ = {isa = PBXFileReference; lastKnownFileType = sourcecode.swift; path = AppDelegate.swift; sourceTree = "<group>"; };
		5C4963272060FD380059AC94 /* Assets.xcassets */ = {isa = PBXFileReference; lastKnownFileType = folder.assetcatalog; path = Assets.xcassets; sourceTree = "<group>"; };
		5C49632A2060FD380059AC94 /* Base */ = {isa = PBXFileReference; lastKnownFileType = file.storyboard; name = Base; path = Base.lproj/LaunchScreen.storyboard; sourceTree = "<group>"; };
		5C49632C2060FD380059AC94 /* Info.plist */ = {isa = PBXFileReference; lastKnownFileType = text.plist.xml; path = Info.plist; sourceTree = "<group>"; };
		5C4963342060FFC90059AC94 /* BaseViewModel.swift */ = {isa = PBXFileReference; lastKnownFileType = sourcecode.swift; path = BaseViewModel.swift; sourceTree = "<group>"; };
		5C496336206100140059AC94 /* BaseViewController.swift */ = {isa = PBXFileReference; lastKnownFileType = sourcecode.swift; path = BaseViewController.swift; sourceTree = "<group>"; };
		5C4963382061025D0059AC94 /* RepositoriesListViewController.swift */ = {isa = PBXFileReference; lastKnownFileType = sourcecode.swift; path = RepositoriesListViewController.swift; sourceTree = "<group>"; };
		5C49633A206103070059AC94 /* RepositoriesViewModel.swift */ = {isa = PBXFileReference; lastKnownFileType = sourcecode.swift; path = RepositoriesViewModel.swift; sourceTree = "<group>"; };
		5C49633D206103550059AC94 /* Repository.swift */ = {isa = PBXFileReference; lastKnownFileType = sourcecode.swift; path = Repository.swift; sourceTree = "<group>"; };
		5C49633F206103B90059AC94 /* GithubRepositoriesViewModel.swift */ = {isa = PBXFileReference; lastKnownFileType = sourcecode.swift; path = GithubRepositoriesViewModel.swift; sourceTree = "<group>"; };
		5C4963422061057E0059AC94 /* GithubService.swift */ = {isa = PBXFileReference; lastKnownFileType = sourcecode.swift; path = GithubService.swift; sourceTree = "<group>"; };
		5C4963442061059F0059AC94 /* RepositoryService.swift */ = {isa = PBXFileReference; lastKnownFileType = sourcecode.swift; path = RepositoryService.swift; sourceTree = "<group>"; };
		5C496349206108940059AC94 /* GithubListViewController.swift */ = {isa = PBXFileReference; lastKnownFileType = sourcecode.swift; path = GithubListViewController.swift; sourceTree = "<group>"; };
/* End PBXFileReference section */

/* Begin PBXFrameworksBuildPhase section */
		5C49631A2060FD380059AC94 /* Frameworks */ = {
			isa = PBXFrameworksBuildPhase;
			buildActionMask = 2147483647;
			files = (
				70CAE166E3D25B86E8BADD89 /* Pods_CocoaLibrary.framework in Frameworks */,
			);
			runOnlyForDeploymentPostprocessing = 0;
		};
/* End PBXFrameworksBuildPhase section */

/* Begin PBXGroup section */
		5C4963142060FD380059AC94 = {
			isa = PBXGroup;
			children = (
				5C49631F2060FD380059AC94 /* CocoaLibrary */,
				5C49631E2060FD380059AC94 /* Products */,
				C35BDD5D799260A49E5FDBB5 /* Pods */,
				A16BBD78B34D4B5C49D2738B /* Frameworks */,
			);
			sourceTree = "<group>";
		};
		5C49631E2060FD380059AC94 /* Products */ = {
			isa = PBXGroup;
			children = (
				5C49631D2060FD380059AC94 /* CocoaLibrary.app */,
			);
			name = Products;
			sourceTree = "<group>";
		};
		5C49631F2060FD380059AC94 /* CocoaLibrary */ = {
			isa = PBXGroup;
			children = (
				5C4963412061056A0059AC94 /* Services */,
				5C49633C2061033D0059AC94 /* Models */,
				5C4963332060FFA30059AC94 /* ViewModels */,
				5C4963322060FF9B0059AC94 /* ViewControllers */,
				5C4963202060FD380059AC94 /* AppDelegate.swift */,
				5C4963272060FD380059AC94 /* Assets.xcassets */,
				5C4963292060FD380059AC94 /* LaunchScreen.storyboard */,
				5C49632C2060FD380059AC94 /* Info.plist */,
			);
			path = CocoaLibrary;
			sourceTree = "<group>";
		};
		5C4963322060FF9B0059AC94 /* ViewControllers */ = {
			isa = PBXGroup;
			children = (
				5C496336206100140059AC94 /* BaseViewController.swift */,
				5C4963482061087D0059AC94 /* Repository */,
			);
			path = ViewControllers;
			sourceTree = "<group>";
		};
		5C4963332060FFA30059AC94 /* ViewModels */ = {
			isa = PBXGroup;
			children = (
				5C4963342060FFC90059AC94 /* BaseViewModel.swift */,
				5C49633A206103070059AC94 /* RepositoriesViewModel.swift */,
				5C49633F206103B90059AC94 /* GithubRepositoriesViewModel.swift */,
			);
			path = ViewModels;
			sourceTree = "<group>";
		};
		5C49633C2061033D0059AC94 /* Models */ = {
			isa = PBXGroup;
			children = (
				5C49633D206103550059AC94 /* Repository.swift */,
			);
			path = Models;
			sourceTree = "<group>";
		};
		5C4963412061056A0059AC94 /* Services */ = {
			isa = PBXGroup;
			children = (
				5C4963462061068B0059AC94 /* Repository */,
			);
			path = Services;
			sourceTree = "<group>";
		};
		5C4963462061068B0059AC94 /* Repository */ = {
			isa = PBXGroup;
			children = (
				5C4963442061059F0059AC94 /* RepositoryService.swift */,
				5C496347206106980059AC94 /* Github */,
			);
			path = Repository;
			sourceTree = "<group>";
		};
		5C496347206106980059AC94 /* Github */ = {
			isa = PBXGroup;
			children = (
				5C4963422061057E0059AC94 /* GithubService.swift */,
			);
			path = Github;
			sourceTree = "<group>";
		};
		5C4963482061087D0059AC94 /* Repository */ = {
			isa = PBXGroup;
			children = (
				5C4963382061025D0059AC94 /* RepositoriesListViewController.swift */,
				5C49634B206108B70059AC94 /* Github */,
			);
			path = Repository;
			sourceTree = "<group>";
		};
		5C49634B206108B70059AC94 /* Github */ = {
			isa = PBXGroup;
			children = (
				5C496349206108940059AC94 /* GithubListViewController.swift */,
			);
			path = Github;
			sourceTree = "<group>";
		};
		A16BBD78B34D4B5C49D2738B /* Frameworks */ = {
			isa = PBXGroup;
			children = (
				25C9112A60FDFF0441F7F75A /* Pods_CocoaLibrary.framework */,
			);
			name = Frameworks;
			sourceTree = "<group>";
		};
		C35BDD5D799260A49E5FDBB5 /* Pods */ = {
			isa = PBXGroup;
			children = (
				0E54289F10161238E709A577 /* Pods-CocoaLibrary.debug.xcconfig */,
				0B50FC59F314AC7A2CC48CCD /* Pods-CocoaLibrary.release.xcconfig */,
			);
			name = Pods;
			sourceTree = "<group>";
		};
/* End PBXGroup section */

/* Begin PBXNativeTarget section */
		5C49631C2060FD380059AC94 /* CocoaLibrary */ = {
			isa = PBXNativeTarget;
			buildConfigurationList = 5C49632F2060FD380059AC94 /* Build configuration list for PBXNativeTarget "CocoaLibrary" */;
			buildPhases = (
				1124A33584F700A27AD7508B /* [CP] Check Pods Manifest.lock */,
				5C4963192060FD380059AC94 /* Sources */,
				5C49631A2060FD380059AC94 /* Frameworks */,
				5C49631B2060FD380059AC94 /* Resources */,
				BEFAF15574B0EB6338455DFB /* [CP] Embed Pods Frameworks */,
				9C2440FD4D86E8ADDE9E98E1 /* [CP] Copy Pods Resources */,
			);
			buildRules = (
			);
			dependencies = (
			);
			name = CocoaLibrary;
			productName = CocoaLibrary;
			productReference = 5C49631D2060FD380059AC94 /* CocoaLibrary.app */;
			productType = "com.apple.product-type.application";
		};
/* End PBXNativeTarget section */

/* Begin PBXProject section */
		5C4963152060FD380059AC94 /* Project object */ = {
			isa = PBXProject;
			attributes = {
				LastSwiftUpdateCheck = 0920;
				LastUpgradeCheck = 0920;
				ORGANIZATIONNAME = tokijh;
				TargetAttributes = {
					5C49631C2060FD380059AC94 = {
						CreatedOnToolsVersion = 9.2;
						ProvisioningStyle = Automatic;
					};
				};
			};
			buildConfigurationList = 5C4963182060FD380059AC94 /* Build configuration list for PBXProject "CocoaLibrary" */;
			compatibilityVersion = "Xcode 8.0";
			developmentRegion = en;
			hasScannedForEncodings = 0;
			knownRegions = (
				en,
				Base,
			);
			mainGroup = 5C4963142060FD380059AC94;
			productRefGroup = 5C49631E2060FD380059AC94 /* Products */;
			projectDirPath = "";
			projectRoot = "";
			targets = (
				5C49631C2060FD380059AC94 /* CocoaLibrary */,
			);
		};
/* End PBXProject section */

/* Begin PBXResourcesBuildPhase section */
		5C49631B2060FD380059AC94 /* Resources */ = {
			isa = PBXResourcesBuildPhase;
			buildActionMask = 2147483647;
			files = (
				5C49632B2060FD380059AC94 /* LaunchScreen.storyboard in Resources */,
				5C4963282060FD380059AC94 /* Assets.xcassets in Resources */,
			);
			runOnlyForDeploymentPostprocessing = 0;
		};
/* End PBXResourcesBuildPhase section */

/* Begin PBXShellScriptBuildPhase section */
		1124A33584F700A27AD7508B /* [CP] Check Pods Manifest.lock */ = {
			isa = PBXShellScriptBuildPhase;
			buildActionMask = 2147483647;
			files = (
			);
			inputPaths = (
				"${PODS_PODFILE_DIR_PATH}/Podfile.lock",
				"${PODS_ROOT}/Manifest.lock",
			);
			name = "[CP] Check Pods Manifest.lock";
			outputPaths = (
				"$(DERIVED_FILE_DIR)/Pods-CocoaLibrary-checkManifestLockResult.txt",
			);
			runOnlyForDeploymentPostprocessing = 0;
			shellPath = /bin/sh;
			shellScript = "diff \"${PODS_PODFILE_DIR_PATH}/Podfile.lock\" \"${PODS_ROOT}/Manifest.lock\" > /dev/null\nif [ $? != 0 ] ; then\n    # print error to STDERR\n    echo \"error: The sandbox is not in sync with the Podfile.lock. Run 'pod install' or update your CocoaPods installation.\" >&2\n    exit 1\nfi\n# This output is used by Xcode 'outputs' to avoid re-running this script phase.\necho \"SUCCESS\" > \"${SCRIPT_OUTPUT_FILE_0}\"\n";
			showEnvVarsInLog = 0;
		};
		9C2440FD4D86E8ADDE9E98E1 /* [CP] Copy Pods Resources */ = {
			isa = PBXShellScriptBuildPhase;
			buildActionMask = 2147483647;
			files = (
			);
			inputPaths = (
			);
			name = "[CP] Copy Pods Resources";
			outputPaths = (
			);
			runOnlyForDeploymentPostprocessing = 0;
			shellPath = /bin/sh;
			shellScript = "\"${SRCROOT}/Pods/Target Support Files/Pods-CocoaLibrary/Pods-CocoaLibrary-resources.sh\"\n";
			showEnvVarsInLog = 0;
		};
		BEFAF15574B0EB6338455DFB /* [CP] Embed Pods Frameworks */ = {
			isa = PBXShellScriptBuildPhase;
			buildActionMask = 2147483647;
			files = (
			);
			inputPaths = (
				"${SRCROOT}/Pods/Target Support Files/Pods-CocoaLibrary/Pods-CocoaLibrary-frameworks.sh",
				"${BUILT_PRODUCTS_DIR}/Alamofire/Alamofire.framework",
				"${BUILT_PRODUCTS_DIR}/Differentiator/Differentiator.framework",
				"${BUILT_PRODUCTS_DIR}/ObjectMapper/ObjectMapper.framework",
				"${BUILT_PRODUCTS_DIR}/RxAlamofire/RxAlamofire.framework",
				"${BUILT_PRODUCTS_DIR}/RxCocoa/RxCocoa.framework",
				"${BUILT_PRODUCTS_DIR}/RxDataSources/RxDataSources.framework",
				"${BUILT_PRODUCTS_DIR}/RxGesture/RxGesture.framework",
				"${BUILT_PRODUCTS_DIR}/RxSwift/RxSwift.framework",
				"${BUILT_PRODUCTS_DIR}/RxSwiftDo/RxSwiftDo.framework",
				"${BUILT_PRODUCTS_DIR}/SnapKit/SnapKit.framework",
			);
			name = "[CP] Embed Pods Frameworks";
			outputPaths = (
				"${TARGET_BUILD_DIR}/${FRAMEWORKS_FOLDER_PATH}/Alamofire.framework",
				"${TARGET_BUILD_DIR}/${FRAMEWORKS_FOLDER_PATH}/Differentiator.framework",
				"${TARGET_BUILD_DIR}/${FRAMEWORKS_FOLDER_PATH}/ObjectMapper.framework",
				"${TARGET_BUILD_DIR}/${FRAMEWORKS_FOLDER_PATH}/RxAlamofire.framework",
				"${TARGET_BUILD_DIR}/${FRAMEWORKS_FOLDER_PATH}/RxCocoa.framework",
				"${TARGET_BUILD_DIR}/${FRAMEWORKS_FOLDER_PATH}/RxDataSources.framework",
				"${TARGET_BUILD_DIR}/${FRAMEWORKS_FOLDER_PATH}/RxGesture.framework",
				"${TARGET_BUILD_DIR}/${FRAMEWORKS_FOLDER_PATH}/RxSwift.framework",
				"${TARGET_BUILD_DIR}/${FRAMEWORKS_FOLDER_PATH}/RxSwiftDo.framework",
				"${TARGET_BUILD_DIR}/${FRAMEWORKS_FOLDER_PATH}/SnapKit.framework",
			);
			runOnlyForDeploymentPostprocessing = 0;
			shellPath = /bin/sh;
			shellScript = "\"${SRCROOT}/Pods/Target Support Files/Pods-CocoaLibrary/Pods-CocoaLibrary-frameworks.sh\"\n";
			showEnvVarsInLog = 0;
		};
/* End PBXShellScriptBuildPhase section */

/* Begin PBXSourcesBuildPhase section */
		5C4963192060FD380059AC94 /* Sources */ = {
			isa = PBXSourcesBuildPhase;
			buildActionMask = 2147483647;
			files = (
				5C4963392061025D0059AC94 /* RepositoriesListViewController.swift in Sources */,
				5C4963212060FD380059AC94 /* AppDelegate.swift in Sources */,
				5C4963432061057E0059AC94 /* GithubService.swift in Sources */,
				5C496340206103B90059AC94 /* GithubRepositoriesViewModel.swift in Sources */,
				5C4963352060FFC90059AC94 /* BaseViewModel.swift in Sources */,
				5C49634A206108940059AC94 /* GithubListViewController.swift in Sources */,
				5C4963452061059F0059AC94 /* RepositoryService.swift in Sources */,
				5C49633B206103070059AC94 /* RepositoriesViewModel.swift in Sources */,
				5C496337206100140059AC94 /* BaseViewController.swift in Sources */,
				5C49633E206103550059AC94 /* Repository.swift in Sources */,
			);
			runOnlyForDeploymentPostprocessing = 0;
		};
/* End PBXSourcesBuildPhase section */

/* Begin PBXVariantGroup section */
		5C4963292060FD380059AC94 /* LaunchScreen.storyboard */ = {
			isa = PBXVariantGroup;
			children = (
				5C49632A2060FD380059AC94 /* Base */,
			);
			name = LaunchScreen.storyboard;
			sourceTree = "<group>";
		};
/* End PBXVariantGroup section */

/* Begin XCBuildConfiguration section */
		5C49632D2060FD380059AC94 /* Debug */ = {
			isa = XCBuildConfiguration;
			buildSettings = {
				ALWAYS_SEARCH_USER_PATHS = NO;
				CLANG_ANALYZER_NONNULL = YES;
				CLANG_ANALYZER_NUMBER_OBJECT_CONVERSION = YES_AGGRESSIVE;
				CLANG_CXX_LANGUAGE_STANDARD = "gnu++14";
				CLANG_CXX_LIBRARY = "libc++";
				CLANG_ENABLE_MODULES = YES;
				CLANG_ENABLE_OBJC_ARC = YES;
				CLANG_WARN_BLOCK_CAPTURE_AUTORELEASING = YES;
				CLANG_WARN_BOOL_CONVERSION = YES;
				CLANG_WARN_COMMA = YES;
				CLANG_WARN_CONSTANT_CONVERSION = YES;
				CLANG_WARN_DIRECT_OBJC_ISA_USAGE = YES_ERROR;
				CLANG_WARN_DOCUMENTATION_COMMENTS = YES;
				CLANG_WARN_EMPTY_BODY = YES;
				CLANG_WARN_ENUM_CONVERSION = YES;
				CLANG_WARN_INFINITE_RECURSION = YES;
				CLANG_WARN_INT_CONVERSION = YES;
				CLANG_WARN_NON_LITERAL_NULL_CONVERSION = YES;
				CLANG_WARN_OBJC_LITERAL_CONVERSION = YES;
				CLANG_WARN_OBJC_ROOT_CLASS = YES_ERROR;
				CLANG_WARN_RANGE_LOOP_ANALYSIS = YES;
				CLANG_WARN_STRICT_PROTOTYPES = YES;
				CLANG_WARN_SUSPICIOUS_MOVE = YES;
				CLANG_WARN_UNGUARDED_AVAILABILITY = YES_AGGRESSIVE;
				CLANG_WARN_UNREACHABLE_CODE = YES;
				CLANG_WARN__DUPLICATE_METHOD_MATCH = YES;
				CODE_SIGN_IDENTITY = "iPhone Developer";
				COPY_PHASE_STRIP = NO;
				DEBUG_INFORMATION_FORMAT = dwarf;
				ENABLE_STRICT_OBJC_MSGSEND = YES;
				ENABLE_TESTABILITY = YES;
				GCC_C_LANGUAGE_STANDARD = gnu11;
				GCC_DYNAMIC_NO_PIC = NO;
				GCC_NO_COMMON_BLOCKS = YES;
				GCC_OPTIMIZATION_LEVEL = 0;
				GCC_PREPROCESSOR_DEFINITIONS = (
					"DEBUG=1",
					"$(inherited)",
				);
				GCC_WARN_64_TO_32_BIT_CONVERSION = YES;
				GCC_WARN_ABOUT_RETURN_TYPE = YES_ERROR;
				GCC_WARN_UNDECLARED_SELECTOR = YES;
				GCC_WARN_UNINITIALIZED_AUTOS = YES_AGGRESSIVE;
				GCC_WARN_UNUSED_FUNCTION = YES;
				GCC_WARN_UNUSED_VARIABLE = YES;
				IPHONEOS_DEPLOYMENT_TARGET = 11.2;
				MTL_ENABLE_DEBUG_INFO = YES;
				ONLY_ACTIVE_ARCH = YES;
				SDKROOT = iphoneos;
				SWIFT_ACTIVE_COMPILATION_CONDITIONS = DEBUG;
				SWIFT_OPTIMIZATION_LEVEL = "-Onone";
			};
			name = Debug;
		};
		5C49632E2060FD380059AC94 /* Release */ = {
			isa = XCBuildConfiguration;
			buildSettings = {
				ALWAYS_SEARCH_USER_PATHS = NO;
				CLANG_ANALYZER_NONNULL = YES;
				CLANG_ANALYZER_NUMBER_OBJECT_CONVERSION = YES_AGGRESSIVE;
				CLANG_CXX_LANGUAGE_STANDARD = "gnu++14";
				CLANG_CXX_LIBRARY = "libc++";
				CLANG_ENABLE_MODULES = YES;
				CLANG_ENABLE_OBJC_ARC = YES;
				CLANG_WARN_BLOCK_CAPTURE_AUTORELEASING = YES;
				CLANG_WARN_BOOL_CONVERSION = YES;
				CLANG_WARN_COMMA = YES;
				CLANG_WARN_CONSTANT_CONVERSION = YES;
				CLANG_WARN_DIRECT_OBJC_ISA_USAGE = YES_ERROR;
				CLANG_WARN_DOCUMENTATION_COMMENTS = YES;
				CLANG_WARN_EMPTY_BODY = YES;
				CLANG_WARN_ENUM_CONVERSION = YES;
				CLANG_WARN_INFINITE_RECURSION = YES;
				CLANG_WARN_INT_CONVERSION = YES;
				CLANG_WARN_NON_LITERAL_NULL_CONVERSION = YES;
				CLANG_WARN_OBJC_LITERAL_CONVERSION = YES;
				CLANG_WARN_OBJC_ROOT_CLASS = YES_ERROR;
				CLANG_WARN_RANGE_LOOP_ANALYSIS = YES;
				CLANG_WARN_STRICT_PROTOTYPES = YES;
				CLANG_WARN_SUSPICIOUS_MOVE = YES;
				CLANG_WARN_UNGUARDED_AVAILABILITY = YES_AGGRESSIVE;
				CLANG_WARN_UNREACHABLE_CODE = YES;
				CLANG_WARN__DUPLICATE_METHOD_MATCH = YES;
				CODE_SIGN_IDENTITY = "iPhone Developer";
				COPY_PHASE_STRIP = NO;
				DEBUG_INFORMATION_FORMAT = "dwarf-with-dsym";
				ENABLE_NS_ASSERTIONS = NO;
				ENABLE_STRICT_OBJC_MSGSEND = YES;
				GCC_C_LANGUAGE_STANDARD = gnu11;
				GCC_NO_COMMON_BLOCKS = YES;
				GCC_WARN_64_TO_32_BIT_CONVERSION = YES;
				GCC_WARN_ABOUT_RETURN_TYPE = YES_ERROR;
				GCC_WARN_UNDECLARED_SELECTOR = YES;
				GCC_WARN_UNINITIALIZED_AUTOS = YES_AGGRESSIVE;
				GCC_WARN_UNUSED_FUNCTION = YES;
				GCC_WARN_UNUSED_VARIABLE = YES;
				IPHONEOS_DEPLOYMENT_TARGET = 11.2;
				MTL_ENABLE_DEBUG_INFO = NO;
				SDKROOT = iphoneos;
				SWIFT_OPTIMIZATION_LEVEL = "-Owholemodule";
				VALIDATE_PRODUCT = YES;
			};
			name = Release;
		};
		5C4963302060FD380059AC94 /* Debug */ = {
			isa = XCBuildConfiguration;
			baseConfigurationReference = 0E54289F10161238E709A577 /* Pods-CocoaLibrary.debug.xcconfig */;
			buildSettings = {
				ASSETCATALOG_COMPILER_APPICON_NAME = AppIcon;
				CODE_SIGN_STYLE = Automatic;
				DEVELOPMENT_TEAM = 46KGHHF73Q;
				INFOPLIST_FILE = CocoaLibrary/Info.plist;
				LD_RUNPATH_SEARCH_PATHS = "$(inherited) @executable_path/Frameworks";
				PRODUCT_BUNDLE_IDENTIFIER = tokijh.com.CocoaLibrary;
				PRODUCT_NAME = "$(TARGET_NAME)";
				SWIFT_VERSION = 4.0;
				TARGETED_DEVICE_FAMILY = "1,2";
			};
			name = Debug;
		};
		5C4963312060FD380059AC94 /* Release */ = {
			isa = XCBuildConfiguration;
			baseConfigurationReference = 0B50FC59F314AC7A2CC48CCD /* Pods-CocoaLibrary.release.xcconfig */;
			buildSettings = {
				ASSETCATALOG_COMPILER_APPICON_NAME = AppIcon;
				CODE_SIGN_STYLE = Automatic;
				DEVELOPMENT_TEAM = 46KGHHF73Q;
				INFOPLIST_FILE = CocoaLibrary/Info.plist;
				LD_RUNPATH_SEARCH_PATHS = "$(inherited) @executable_path/Frameworks";
				PRODUCT_BUNDLE_IDENTIFIER = tokijh.com.CocoaLibrary;
				PRODUCT_NAME = "$(TARGET_NAME)";
				SWIFT_VERSION = 4.0;
				TARGETED_DEVICE_FAMILY = "1,2";
			};
			name = Release;
		};
/* End XCBuildConfiguration section */

/* Begin XCConfigurationList section */
		5C4963182060FD380059AC94 /* Build configuration list for PBXProject "CocoaLibrary" */ = {
			isa = XCConfigurationList;
			buildConfigurations = (
				5C49632D2060FD380059AC94 /* Debug */,
				5C49632E2060FD380059AC94 /* Release */,
			);
			defaultConfigurationIsVisible = 0;
			defaultConfigurationName = Release;
		};
		5C49632F2060FD380059AC94 /* Build configuration list for PBXNativeTarget "CocoaLibrary" */ = {
			isa = XCConfigurationList;
			buildConfigurations = (
				5C4963302060FD380059AC94 /* Debug */,
				5C4963312060FD380059AC94 /* Release */,
			);
			defaultConfigurationIsVisible = 0;
			defaultConfigurationName = Release;
		};
/* End XCConfigurationList section */
	};
	rootObject = 5C4963152060FD380059AC94 /* Project object */;
}
